
Microsoft Visual Studio Solution File, Format Version 12.00
# Visual Studio Version 17
VisualStudioVersion = 17.4.33213.308
MinimumVisualStudioVersion = 10.0.40219.1
Project("{FAE04EC0-301F-11D3-BF4B-00C04F79EFBC}") = "FightingGamesHub", "FightingGasmesHub\FightingGamesHub.csproj", "{35342EE7-500E-48C1-A4AB-10F9C15225F6}"
EndProject
Global
	GlobalSection(SolutionConfigurationPlatforms) = preSolution
		Debug|Any CPU = Debug|Any CPU
		Release|Any CPU = Release|Any CPU
	EndGlobalSection
	GlobalSection(ProjectConfigurationPlatforms) = postSolution
		{35342EE7-500E-48C1-A4AB-10F9C15225F6}.Debug|Any CPU.ActiveCfg = Debug|Any CPU
		{35342EE7-500E-48C1-A4AB-10F9C15225F6}.Debug|Any CPU.Build.0 = Debug|Any CPU
		{35342EE7-500E-48C1-A4AB-10F9C15225F6}.Release|Any CPU.ActiveCfg = Release|Any CPU
		{35342EE7-500E-48C1-A4AB-10F9C15225F6}.Release|Any CPU.Build.0 = Release|Any CPU
	EndGlobalSection
	GlobalSection(SolutionProperties) = preSolution
		HideSolutionNode = FALSE
	EndGlobalSection
	GlobalSection(ExtensibilityGlobals) = postSolution
		SolutionGuid = {0F1C469E-58C9-406B-A6E0-FF8B1C21CC0A}
	EndGlobalSection
EndGlobal
